// !$*UTF8*$!
{
	archiveVersion = 1;
	classes = {
	};
	objectVersion = 77;
	objects = {

/* Begin PBXBuildFile section */
		A0FB08362E7C3820004F4641 /* RIBs in Frameworks */ = {isa = PBXBuildFile; productRef = A0FB08352E7C3820004F4641 /* RIBs */; };
		A0FB08392E7C3841004F4641 /* netfox in Frameworks */ = {isa = PBXBuildFile; productRef = A0FB08382E7C3841004F4641 /* netfox */; };
		A0FB083C2E7C384D004F4641 /* SnapKit in Frameworks */ = {isa = PBXBuildFile; productRef = A0FB083B2E7C384D004F4641 /* SnapKit */; };
		A0FB083F2E7C388D004F4641 /* Differentiator in Frameworks */ = {isa = PBXBuildFile; productRef = A0FB083E2E7C388D004F4641 /* Differentiator */; };
		A0FB08412E7C388D004F4641 /* RxDataSources in Frameworks */ = {isa = PBXBuildFile; productRef = A0FB08402E7C388D004F4641 /* RxDataSources */; };
		A0FB08442E7C389F004F4641 /* MBProgressHUD in Frameworks */ = {isa = PBXBuildFile; productRef = A0FB08432E7C389F004F4641 /* MBProgressHUD */; };
		A0FB08472E7C38C0004F4641 /* RxBlocking in Frameworks */ = {isa = PBXBuildFile; productRef = A0FB08462E7C38C0004F4641 /* RxBlocking */; };
		A0FB08492E7C38C0004F4641 /* RxCocoa in Frameworks */ = {isa = PBXBuildFile; productRef = A0FB08482E7C38C0004F4641 /* RxCocoa */; };
		A0FB084B2E7C38C0004F4641 /* RxRelay in Frameworks */ = {isa = PBXBuildFile; productRef = A0FB084A2E7C38C0004F4641 /* RxRelay */; };
		A0FB084D2E7C38C0004F4641 /* RxSwift in Frameworks */ = {isa = PBXBuildFile; productRef = A0FB084C2E7C38C0004F4641 /* RxSwift */; };
		A0FB084F2E7C38C0004F4641 /* RxTest in Frameworks */ = {isa = PBXBuildFile; productRef = A0FB084E2E7C38C0004F4641 /* RxTest */; };
		A0FB08522E7C38CF004F4641 /* Alamofire in Frameworks */ = {isa = PBXBuildFile; productRef = A0FB08512E7C38CF004F4641 /* Alamofire */; };
		A0FB08552E7C3905004F4641 /* Moya in Frameworks */ = {isa = PBXBuildFile; productRef = A0FB08542E7C3905004F4641 /* Moya */; };
		A0FB08572E7C3905004F4641 /* ReactiveMoya in Frameworks */ = {isa = PBXBuildFile; productRef = A0FB08562E7C3905004F4641 /* ReactiveMoya */; };
		A0FB08592E7C3905004F4641 /* RxMoya in Frameworks */ = {isa = PBXBuildFile; productRef = A0FB08582E7C3905004F4641 /* RxMoya */; };
		A0FB085C2E7C3918004F4641 /* Nuke in Frameworks */ = {isa = PBXBuildFile; productRef = A0FB085B2E7C3918004F4641 /* Nuke */; };
		A0FB085E2E7C3918004F4641 /* NukeExtensions in Frameworks */ = {isa = PBXBuildFile; productRef = A0FB085D2E7C3918004F4641 /* NukeExtensions */; };
		A0FB08602E7C3918004F4641 /* NukeVideo in Frameworks */ = {isa = PBXBuildFile; productRef = A0FB085F2E7C3918004F4641 /* NukeVideo */; };
/* End PBXBuildFile section */

/* Begin PBXContainerItemProxy section */
		A0FB08172E7C376F004F4641 /* PBXContainerItemProxy */ = {
			isa = PBXContainerItemProxy;
			containerPortal = A0FB07F82E7C376E004F4641 /* Project object */;
			proxyType = 1;
			remoteGlobalIDString = A0FB07FF2E7C376E004F4641;
			remoteInfo = "TMDB-RIBs-iOS";
		};
		A0FB08212E7C376F004F4641 /* PBXContainerItemProxy */ = {
			isa = PBXContainerItemProxy;
			containerPortal = A0FB07F82E7C376E004F4641 /* Project object */;
			proxyType = 1;
			remoteGlobalIDString = A0FB07FF2E7C376E004F4641;
			remoteInfo = "TMDB-RIBs-iOS";
		};
/* End PBXContainerItemProxy section */

/* Begin PBXFileReference section */
		A0FB08002E7C376E004F4641 /* TMDB-RIBs-iOS.app */ = {isa = PBXFileReference; explicitFileType = wrapper.application; includeInIndex = 0; path = "TMDB-RIBs-iOS.app"; sourceTree = BUILT_PRODUCTS_DIR; };
		A0FB08162E7C376F004F4641 /* TMDB-RIBs-iOSTests.xctest */ = {isa = PBXFileReference; explicitFileType = wrapper.cfbundle; includeInIndex = 0; path = "TMDB-RIBs-iOSTests.xctest"; sourceTree = BUILT_PRODUCTS_DIR; };
		A0FB08202E7C376F004F4641 /* TMDB-RIBs-iOSUITests.xctest */ = {isa = PBXFileReference; explicitFileType = wrapper.cfbundle; includeInIndex = 0; path = "TMDB-RIBs-iOSUITests.xctest"; sourceTree = BUILT_PRODUCTS_DIR; };
/* End PBXFileReference section */

/* Begin PBXFileSystemSynchronizedBuildFileExceptionSet section */
		A0FB08282E7C376F004F4641 /* Exceptions for "TMDB-RIBs-iOS" folder in "TMDB-RIBs-iOS" target */ = {
			isa = PBXFileSystemSynchronizedBuildFileExceptionSet;
			membershipExceptions = (
				Info.plist,
			);
			target = A0FB07FF2E7C376E004F4641 /* TMDB-RIBs-iOS */;
		};
/* End PBXFileSystemSynchronizedBuildFileExceptionSet section */

/* Begin PBXFileSystemSynchronizedRootGroup section */
		A0FB08022E7C376E004F4641 /* TMDB-RIBs-iOS */ = {
			isa = PBXFileSystemSynchronizedRootGroup;
			exceptions = (
				A0FB08282E7C376F004F4641 /* Exceptions for "TMDB-RIBs-iOS" folder in "TMDB-RIBs-iOS" target */,
			);
			path = "TMDB-RIBs-iOS";
			sourceTree = "<group>";
		};
		A0FB08192E7C376F004F4641 /* TMDB-RIBs-iOSTests */ = {
			isa = PBXFileSystemSynchronizedRootGroup;
			path = "TMDB-RIBs-iOSTests";
			sourceTree = "<group>";
		};
		A0FB08232E7C376F004F4641 /* TMDB-RIBs-iOSUITests */ = {
			isa = PBXFileSystemSynchronizedRootGroup;
			path = "TMDB-RIBs-iOSUITests";
			sourceTree = "<group>";
		};
/* End PBXFileSystemSynchronizedRootGroup section */

/* Begin PBXFrameworksBuildPhase section */
		A0FB07FD2E7C376E004F4641 /* Frameworks */ = {
			isa = PBXFrameworksBuildPhase;
			buildActionMask = 2147483647;
			files = (
				A0FB08592E7C3905004F4641 /* RxMoya in Frameworks */,
				A0FB084D2E7C38C0004F4641 /* RxSwift in Frameworks */,
				A0FB08442E7C389F004F4641 /* MBProgressHUD in Frameworks */,
				A0FB08602E7C3918004F4641 /* NukeVideo in Frameworks */,
				A0FB083F2E7C388D004F4641 /* Differentiator in Frameworks */,
				A0FB083C2E7C384D004F4641 /* SnapKit in Frameworks */,
				A0FB08492E7C38C0004F4641 /* RxCocoa in Frameworks */,
				A0FB08572E7C3905004F4641 /* ReactiveMoya in Frameworks */,
				A0FB08552E7C3905004F4641 /* Moya in Frameworks */,
				A0FB08522E7C38CF004F4641 /* Alamofire in Frameworks */,
				A0FB085C2E7C3918004F4641 /* Nuke in Frameworks */,
				A0FB08392E7C3841004F4641 /* netfox in Frameworks */,
				A0FB08412E7C388D004F4641 /* RxDataSources in Frameworks */,
				A0FB084B2E7C38C0004F4641 /* RxRelay in Frameworks */,
				A0FB08362E7C3820004F4641 /* RIBs in Frameworks */,
				A0FB085E2E7C3918004F4641 /* NukeExtensions in Frameworks */,
			);
			runOnlyForDeploymentPostprocessing = 0;
		};
		A0FB08132E7C376F004F4641 /* Frameworks */ = {
			isa = PBXFrameworksBuildPhase;
			buildActionMask = 2147483647;
			files = (
				A0FB084F2E7C38C0004F4641 /* RxTest in Frameworks */,
				A0FB08472E7C38C0004F4641 /* RxBlocking in Frameworks */,
			);
			runOnlyForDeploymentPostprocessing = 0;
		};
		A0FB081D2E7C376F004F4641 /* Frameworks */ = {
			isa = PBXFrameworksBuildPhase;
			buildActionMask = 2147483647;
			files = (
			);
			runOnlyForDeploymentPostprocessing = 0;
		};
/* End PBXFrameworksBuildPhase section */

/* Begin PBXGroup section */
		A0FB07F72E7C376E004F4641 = {
			isa = PBXGroup;
			children = (
				A0FB08022E7C376E004F4641 /* TMDB-RIBs-iOS */,
				A0FB08192E7C376F004F4641 /* TMDB-RIBs-iOSTests */,
				A0FB08232E7C376F004F4641 /* TMDB-RIBs-iOSUITests */,
				A0FB08012E7C376E004F4641 /* Products */,
			);
			sourceTree = "<group>";
		};
		A0FB08012E7C376E004F4641 /* Products */ = {
			isa = PBXGroup;
			children = (
				A0FB08002E7C376E004F4641 /* TMDB-RIBs-iOS.app */,
				A0FB08162E7C376F004F4641 /* TMDB-RIBs-iOSTests.xctest */,
				A0FB08202E7C376F004F4641 /* TMDB-RIBs-iOSUITests.xctest */,
			);
			name = Products;
			sourceTree = "<group>";
		};
/* End PBXGroup section */

/* Begin PBXNativeTarget section */
		A0FB07FF2E7C376E004F4641 /* TMDB-RIBs-iOS */ = {
			isa = PBXNativeTarget;
			buildConfigurationList = A0FB08292E7C376F004F4641 /* Build configuration list for PBXNativeTarget "TMDB-RIBs-iOS" */;
			buildPhases = (
				A0FB07FC2E7C376E004F4641 /* Sources */,
				A0FB07FD2E7C376E004F4641 /* Frameworks */,
				A0FB07FE2E7C376E004F4641 /* Resources */,
			);
			buildRules = (
			);
			dependencies = (
			);
			fileSystemSynchronizedGroups = (
				A0FB08022E7C376E004F4641 /* TMDB-RIBs-iOS */,
			);
			name = "TMDB-RIBs-iOS";
			packageProductDependencies = (
				A0FB08352E7C3820004F4641 /* RIBs */,
				A0FB08382E7C3841004F4641 /* netfox */,
				A0FB083B2E7C384D004F4641 /* SnapKit */,
				A0FB083E2E7C388D004F4641 /* Differentiator */,
				A0FB08402E7C388D004F4641 /* RxDataSources */,
				A0FB08432E7C389F004F4641 /* MBProgressHUD */,
				A0FB08482E7C38C0004F4641 /* RxCocoa */,
				A0FB084A2E7C38C0004F4641 /* RxRelay */,
				A0FB084C2E7C38C0004F4641 /* RxSwift */,
				A0FB08512E7C38CF004F4641 /* Alamofire */,
				A0FB08542E7C3905004F4641 /* Moya */,
				A0FB08562E7C3905004F4641 /* ReactiveMoya */,
				A0FB08582E7C3905004F4641 /* RxMoya */,
				A0FB085B2E7C3918004F4641 /* Nuke */,
				A0FB085D2E7C3918004F4641 /* NukeExtensions */,
				A0FB085F2E7C3918004F4641 /* NukeVideo */,
			);
			productName = "TMDB-RIBs-iOS";
			productReference = A0FB08002E7C376E004F4641 /* TMDB-RIBs-iOS.app */;
			productType = "com.apple.product-type.application";
		};
		A0FB08152E7C376F004F4641 /* TMDB-RIBs-iOSTests */ = {
			isa = PBXNativeTarget;
			buildConfigurationList = A0FB082E2E7C376F004F4641 /* Build configuration list for PBXNativeTarget "TMDB-RIBs-iOSTests" */;
			buildPhases = (
				A0FB08122E7C376F004F4641 /* Sources */,
				A0FB08132E7C376F004F4641 /* Frameworks */,
				A0FB08142E7C376F004F4641 /* Resources */,
			);
			buildRules = (
			);
			dependencies = (
				A0FB08182E7C376F004F4641 /* PBXTargetDependency */,
			);
			fileSystemSynchronizedGroups = (
				A0FB08192E7C376F004F4641 /* TMDB-RIBs-iOSTests */,
			);
			name = "TMDB-RIBs-iOSTests";
			packageProductDependencies = (
				A0FB08462E7C38C0004F4641 /* RxBlocking */,
				A0FB084E2E7C38C0004F4641 /* RxTest */,
			);
			productName = "TMDB-RIBs-iOSTests";
			productReference = A0FB08162E7C376F004F4641 /* TMDB-RIBs-iOSTests.xctest */;
			productType = "com.apple.product-type.bundle.unit-test";
		};
		A0FB081F2E7C376F004F4641 /* TMDB-RIBs-iOSUITests */ = {
			isa = PBXNativeTarget;
			buildConfigurationList = A0FB08312E7C376F004F4641 /* Build configuration list for PBXNativeTarget "TMDB-RIBs-iOSUITests" */;
			buildPhases = (
				A0FB081C2E7C376F004F4641 /* Sources */,
				A0FB081D2E7C376F004F4641 /* Frameworks */,
				A0FB081E2E7C376F004F4641 /* Resources */,
			);
			buildRules = (
			);
			dependencies = (
				A0FB08222E7C376F004F4641 /* PBXTargetDependency */,
			);
			fileSystemSynchronizedGroups = (
				A0FB08232E7C376F004F4641 /* TMDB-RIBs-iOSUITests */,
			);
			name = "TMDB-RIBs-iOSUITests";
			packageProductDependencies = (
			);
			productName = "TMDB-RIBs-iOSUITests";
			productReference = A0FB08202E7C376F004F4641 /* TMDB-RIBs-iOSUITests.xctest */;
			productType = "com.apple.product-type.bundle.ui-testing";
		};
/* End PBXNativeTarget section */

/* Begin PBXProject section */
		A0FB07F82E7C376E004F4641 /* Project object */ = {
			isa = PBXProject;
			attributes = {
				BuildIndependentTargetsInParallel = 1;
				LastSwiftUpdateCheck = 1630;
				LastUpgradeCheck = 1630;
				TargetAttributes = {
					A0FB07FF2E7C376E004F4641 = {
						CreatedOnToolsVersion = 16.3;
					};
					A0FB08152E7C376F004F4641 = {
						CreatedOnToolsVersion = 16.3;
						TestTargetID = A0FB07FF2E7C376E004F4641;
					};
					A0FB081F2E7C376F004F4641 = {
						CreatedOnToolsVersion = 16.3;
						TestTargetID = A0FB07FF2E7C376E004F4641;
					};
				};
			};
			buildConfigurationList = A0FB07FB2E7C376E004F4641 /* Build configuration list for PBXProject "TMDB-RIBs-iOS" */;
			developmentRegion = en;
			hasScannedForEncodings = 0;
			knownRegions = (
				en,
				Base,
			);
			mainGroup = A0FB07F72E7C376E004F4641;
			minimizedProjectReferenceProxies = 1;
			packageReferences = (
				A0FB08342E7C3820004F4641 /* XCRemoteSwiftPackageReference "RIBs-iOS" */,
				A0FB08372E7C3841004F4641 /* XCRemoteSwiftPackageReference "netfox" */,
				A0FB083A2E7C384D004F4641 /* XCRemoteSwiftPackageReference "SnapKit" */,
				A0FB083D2E7C388D004F4641 /* XCRemoteSwiftPackageReference "RxDataSources" */,
				A0FB08422E7C389F004F4641 /* XCRemoteSwiftPackageReference "MBProgressHUD" */,
				A0FB08452E7C38C0004F4641 /* XCRemoteSwiftPackageReference "RxSwift" */,
				A0FB08502E7C38CF004F4641 /* XCRemoteSwiftPackageReference "Alamofire" */,
				A0FB08532E7C3905004F4641 /* XCRemoteSwiftPackageReference "Moya" */,
				A0FB085A2E7C3918004F4641 /* XCRemoteSwiftPackageReference "Nuke" */,
			);
			preferredProjectObjectVersion = 77;
			productRefGroup = A0FB08012E7C376E004F4641 /* Products */;
			projectDirPath = "";
			projectRoot = "";
			targets = (
				A0FB07FF2E7C376E004F4641 /* TMDB-RIBs-iOS */,
				A0FB08152E7C376F004F4641 /* TMDB-RIBs-iOSTests */,
				A0FB081F2E7C376F004F4641 /* TMDB-RIBs-iOSUITests */,
			);
		};
/* End PBXProject section */

/* Begin PBXResourcesBuildPhase section */
		A0FB07FE2E7C376E004F4641 /* Resources */ = {
			isa = PBXResourcesBuildPhase;
			buildActionMask = 2147483647;
			files = (
			);
			runOnlyForDeploymentPostprocessing = 0;
		};
		A0FB08142E7C376F004F4641 /* Resources */ = {
			isa = PBXResourcesBuildPhase;
			buildActionMask = 2147483647;
			files = (
			);
			runOnlyForDeploymentPostprocessing = 0;
		};
		A0FB081E2E7C376F004F4641 /* Resources */ = {
			isa = PBXResourcesBuildPhase;
			buildActionMask = 2147483647;
			files = (
			);
			runOnlyForDeploymentPostprocessing = 0;
		};
/* End PBXResourcesBuildPhase section */

/* Begin PBXSourcesBuildPhase section */
		A0FB07FC2E7C376E004F4641 /* Sources */ = {
			isa = PBXSourcesBuildPhase;
			buildActionMask = 2147483647;
			files = (
			);
			runOnlyForDeploymentPostprocessing = 0;
		};
		A0FB08122E7C376F004F4641 /* Sources */ = {
			isa = PBXSourcesBuildPhase;
			buildActionMask = 2147483647;
			files = (
			);
			runOnlyForDeploymentPostprocessing = 0;
		};
		A0FB081C2E7C376F004F4641 /* Sources */ = {
			isa = PBXSourcesBuildPhase;
			buildActionMask = 2147483647;
			files = (
			);
			runOnlyForDeploymentPostprocessing = 0;
		};
/* End PBXSourcesBuildPhase section */

/* Begin PBXTargetDependency section */
		A0FB08182E7C376F004F4641 /* PBXTargetDependency */ = {
			isa = PBXTargetDependency;
			target = A0FB07FF2E7C376E004F4641 /* TMDB-RIBs-iOS */;
			targetProxy = A0FB08172E7C376F004F4641 /* PBXContainerItemProxy */;
		};
		A0FB08222E7C376F004F4641 /* PBXTargetDependency */ = {
			isa = PBXTargetDependency;
			target = A0FB07FF2E7C376E004F4641 /* TMDB-RIBs-iOS */;
			targetProxy = A0FB08212E7C376F004F4641 /* PBXContainerItemProxy */;
		};
/* End PBXTargetDependency section */

/* Begin XCBuildConfiguration section */
		A0FB082A2E7C376F004F4641 /* Debug */ = {
			isa = XCBuildConfiguration;
			buildSettings = {
				ASSETCATALOG_COMPILER_APPICON_NAME = AppIcon;
				ASSETCATALOG_COMPILER_GLOBAL_ACCENT_COLOR_NAME = AccentColor;
				CODE_SIGN_STYLE = Automatic;
				CURRENT_PROJECT_VERSION = 1;
				GENERATE_INFOPLIST_FILE = YES;
				INFOPLIST_FILE = "TMDB-RIBs-iOS/Info.plist";
				INFOPLIST_KEY_UIApplicationSupportsIndirectInputEvents = YES;
				INFOPLIST_KEY_UILaunchStoryboardName = LaunchScreen;
				INFOPLIST_KEY_UIMainStoryboardFile = Main;
				INFOPLIST_KEY_UISupportedInterfaceOrientations = UIInterfaceOrientationPortrait;
				INFOPLIST_KEY_UISupportedInterfaceOrientations_iPad = "UIInterfaceOrientationLandscapeLeft UIInterfaceOrientationLandscapeRight UIInterfaceOrientationPortrait UIInterfaceOrientationPortraitUpsideDown";
				IPHONEOS_DEPLOYMENT_TARGET = 15.0;
				LD_RUNPATH_SEARCH_PATHS = (
					"$(inherited)",
					"@executable_path/Frameworks",
				);
				MARKETING_VERSION = 1.0;
				PRODUCT_BUNDLE_IDENTIFIER = "AppWork.TMDB-RIBs-iOS";
				PRODUCT_NAME = "$(TARGET_NAME)";
				SUPPORTED_PLATFORMS = "iphoneos iphonesimulator";
				SUPPORTS_MACCATALYST = NO;
				SUPPORTS_MAC_DESIGNED_FOR_IPHONE_IPAD = NO;
				SUPPORTS_XR_DESIGNED_FOR_IPHONE_IPAD = NO;
				SWIFT_EMIT_LOC_STRINGS = YES;
				SWIFT_VERSION = 5.0;
				TARGETED_DEVICE_FAMILY = 1;
			};
			name = Debug;
		};
		A0FB082B2E7C376F004F4641 /* Release */ = {
			isa = XCBuildConfiguration;
			buildSettings = {
				ASSETCATALOG_COMPILER_APPICON_NAME = AppIcon;
				ASSETCATALOG_COMPILER_GLOBAL_ACCENT_COLOR_NAME = AccentColor;
				CODE_SIGN_STYLE = Automatic;
				CURRENT_PROJECT_VERSION = 1;
				GENERATE_INFOPLIST_FILE = YES;
				INFOPLIST_FILE = "TMDB-RIBs-iOS/Info.plist";
				INFOPLIST_KEY_UIApplicationSupportsIndirectInputEvents = YES;
				INFOPLIST_KEY_UILaunchStoryboardName = LaunchScreen;
				INFOPLIST_KEY_UIMainStoryboardFile = Main;
				INFOPLIST_KEY_UISupportedInterfaceOrientations = UIInterfaceOrientationPortrait;
				INFOPLIST_KEY_UISupportedInterfaceOrientations_iPad = "UIInterfaceOrientationLandscapeLeft UIInterfaceOrientationLandscapeRight UIInterfaceOrientationPortrait UIInterfaceOrientationPortraitUpsideDown";
				IPHONEOS_DEPLOYMENT_TARGET = 15.0;
				LD_RUNPATH_SEARCH_PATHS = (
					"$(inherited)",
					"@executable_path/Frameworks",
				);
				MARKETING_VERSION = 1.0;
				PRODUCT_BUNDLE_IDENTIFIER = "AppWork.TMDB-RIBs-iOS";
				PRODUCT_NAME = "$(TARGET_NAME)";
				SUPPORTED_PLATFORMS = "iphoneos iphonesimulator";
				SUPPORTS_MACCATALYST = NO;
				SUPPORTS_MAC_DESIGNED_FOR_IPHONE_IPAD = NO;
				SUPPORTS_XR_DESIGNED_FOR_IPHONE_IPAD = NO;
				SWIFT_EMIT_LOC_STRINGS = YES;
				SWIFT_VERSION = 5.0;
				TARGETED_DEVICE_FAMILY = 1;
			};
			name = Release;
		};
		A0FB082C2E7C376F004F4641 /* Debug */ = {
			isa = XCBuildConfiguration;
			buildSettings = {
				ALWAYS_SEARCH_USER_PATHS = NO;
				ASSETCATALOG_COMPILER_GENERATE_SWIFT_ASSET_SYMBOL_EXTENSIONS = YES;
				CLANG_ANALYZER_NONNULL = YES;
				CLANG_ANALYZER_NUMBER_OBJECT_CONVERSION = YES_AGGRESSIVE;
				CLANG_CXX_LANGUAGE_STANDARD = "gnu++20";
				CLANG_ENABLE_MODULES = YES;
				CLANG_ENABLE_OBJC_ARC = YES;
				CLANG_ENABLE_OBJC_WEAK = YES;
				CLANG_WARN_BLOCK_CAPTURE_AUTORELEASING = YES;
				CLANG_WARN_BOOL_CONVERSION = YES;
				CLANG_WARN_COMMA = YES;
				CLANG_WARN_CONSTANT_CONVERSION = YES;
				CLANG_WARN_DEPRECATED_OBJC_IMPLEMENTATIONS = YES;
				CLANG_WARN_DIRECT_OBJC_ISA_USAGE = YES_ERROR;
				CLANG_WARN_DOCUMENTATION_COMMENTS = YES;
				CLANG_WARN_EMPTY_BODY = YES;
				CLANG_WARN_ENUM_CONVERSION = YES;
				CLANG_WARN_INFINITE_RECURSION = YES;
				CLANG_WARN_INT_CONVERSION = YES;
				CLANG_WARN_NON_LITERAL_NULL_CONVERSION = YES;
				CLANG_WARN_OBJC_IMPLICIT_RETAIN_SELF = YES;
				CLANG_WARN_OBJC_LITERAL_CONVERSION = YES;
				CLANG_WARN_OBJC_ROOT_CLASS = YES_ERROR;
				CLANG_WARN_QUOTED_INCLUDE_IN_FRAMEWORK_HEADER = YES;
				CLANG_WARN_RANGE_LOOP_ANALYSIS = YES;
				CLANG_WARN_STRICT_PROTOTYPES = YES;
				CLANG_WARN_SUSPICIOUS_MOVE = YES;
				CLANG_WARN_UNGUARDED_AVAILABILITY = YES_AGGRESSIVE;
				CLANG_WARN_UNREACHABLE_CODE = YES;
				CLANG_WARN__DUPLICATE_METHOD_MATCH = YES;
				COPY_PHASE_STRIP = NO;
				DEBUG_INFORMATION_FORMAT = dwarf;
				ENABLE_STRICT_OBJC_MSGSEND = YES;
				ENABLE_TESTABILITY = YES;
				ENABLE_USER_SCRIPT_SANDBOXING = YES;
				GCC_C_LANGUAGE_STANDARD = gnu17;
				GCC_DYNAMIC_NO_PIC = NO;
				GCC_NO_COMMON_BLOCKS = YES;
				GCC_OPTIMIZATION_LEVEL = 0;
				GCC_PREPROCESSOR_DEFINITIONS = (
					"DEBUG=1",
					"$(inherited)",
				);
				GCC_WARN_64_TO_32_BIT_CONVERSION = YES;
				GCC_WARN_ABOUT_RETURN_TYPE = YES_ERROR;
				GCC_WARN_UNDECLARED_SELECTOR = YES;
				GCC_WARN_UNINITIALIZED_AUTOS = YES_AGGRESSIVE;
				GCC_WARN_UNUSED_FUNCTION = YES;
				GCC_WARN_UNUSED_VARIABLE = YES;
				IPHONEOS_DEPLOYMENT_TARGET = 18.4;
				LOCALIZATION_PREFERS_STRING_CATALOGS = YES;
				MTL_ENABLE_DEBUG_INFO = INCLUDE_SOURCE;
				MTL_FAST_MATH = YES;
				ONLY_ACTIVE_ARCH = YES;
				SDKROOT = iphoneos;
				SWIFT_ACTIVE_COMPILATION_CONDITIONS = "DEBUG $(inherited)";
				SWIFT_OPTIMIZATION_LEVEL = "-Onone";
			};
			name = Debug;
		};
		A0FB082D2E7C376F004F4641 /* Release */ = {
			isa = XCBuildConfiguration;
			buildSettings = {
				ALWAYS_SEARCH_USER_PATHS = NO;
				ASSETCATALOG_COMPILER_GENERATE_SWIFT_ASSET_SYMBOL_EXTENSIONS = YES;
				CLANG_ANALYZER_NONNULL = YES;
				CLANG_ANALYZER_NUMBER_OBJECT_CONVERSION = YES_AGGRESSIVE;
				CLANG_CXX_LANGUAGE_STANDARD = "gnu++20";
				CLANG_ENABLE_MODULES = YES;
				CLANG_ENABLE_OBJC_ARC = YES;
				CLANG_ENABLE_OBJC_WEAK = YES;
				CLANG_WARN_BLOCK_CAPTURE_AUTORELEASING = YES;
				CLANG_WARN_BOOL_CONVERSION = YES;
				CLANG_WARN_COMMA = YES;
				CLANG_WARN_CONSTANT_CONVERSION = YES;
				CLANG_WARN_DEPRECATED_OBJC_IMPLEMENTATIONS = YES;
				CLANG_WARN_DIRECT_OBJC_ISA_USAGE = YES_ERROR;
				CLANG_WARN_DOCUMENTATION_COMMENTS = YES;
				CLANG_WARN_EMPTY_BODY = YES;
				CLANG_WARN_ENUM_CONVERSION = YES;
				CLANG_WARN_INFINITE_RECURSION = YES;
				CLANG_WARN_INT_CONVERSION = YES;
				CLANG_WARN_NON_LITERAL_NULL_CONVERSION = YES;
				CLANG_WARN_OBJC_IMPLICIT_RETAIN_SELF = YES;
				CLANG_WARN_OBJC_LITERAL_CONVERSION = YES;
				CLANG_WARN_OBJC_ROOT_CLASS = YES_ERROR;
				CLANG_WARN_QUOTED_INCLUDE_IN_FRAMEWORK_HEADER = YES;
				CLANG_WARN_RANGE_LOOP_ANALYSIS = YES;
				CLANG_WARN_STRICT_PROTOTYPES = YES;
				CLANG_WARN_SUSPICIOUS_MOVE = YES;
				CLANG_WARN_UNGUARDED_AVAILABILITY = YES_AGGRESSIVE;
				CLANG_WARN_UNREACHABLE_CODE = YES;
				CLANG_WARN__DUPLICATE_METHOD_MATCH = YES;
				COPY_PHASE_STRIP = NO;
				DEBUG_INFORMATION_FORMAT = "dwarf-with-dsym";
				ENABLE_NS_ASSERTIONS = NO;
				ENABLE_STRICT_OBJC_MSGSEND = YES;
				ENABLE_USER_SCRIPT_SANDBOXING = YES;
				GCC_C_LANGUAGE_STANDARD = gnu17;
				GCC_NO_COMMON_BLOCKS = YES;
				GCC_WARN_64_TO_32_BIT_CONVERSION = YES;
				GCC_WARN_ABOUT_RETURN_TYPE = YES_ERROR;
				GCC_WARN_UNDECLARED_SELECTOR = YES;
				GCC_WARN_UNINITIALIZED_AUTOS = YES_AGGRESSIVE;
				GCC_WARN_UNUSED_FUNCTION = YES;
				GCC_WARN_UNUSED_VARIABLE = YES;
				IPHONEOS_DEPLOYMENT_TARGET = 18.4;
				LOCALIZATION_PREFERS_STRING_CATALOGS = YES;
				MTL_ENABLE_DEBUG_INFO = NO;
				MTL_FAST_MATH = YES;
				SDKROOT = iphoneos;
				SWIFT_COMPILATION_MODE = wholemodule;
				VALIDATE_PRODUCT = YES;
			};
			name = Release;
		};
		A0FB082F2E7C376F004F4641 /* Debug */ = {
			isa = XCBuildConfiguration;
			buildSettings = {
				BUNDLE_LOADER = "$(TEST_HOST)";
				CODE_SIGN_STYLE = Automatic;
				CURRENT_PROJECT_VERSION = 1;
				GENERATE_INFOPLIST_FILE = YES;
				IPHONEOS_DEPLOYMENT_TARGET = 18.4;
				MARKETING_VERSION = 1.0;
				PRODUCT_BUNDLE_IDENTIFIER = "AppWork.TMDB-RIBs-iOSTests";
				PRODUCT_NAME = "$(TARGET_NAME)";
				SWIFT_EMIT_LOC_STRINGS = NO;
				SWIFT_VERSION = 5.0;
				TARGETED_DEVICE_FAMILY = "1,2";
				TEST_HOST = "$(BUILT_PRODUCTS_DIR)/TMDB-RIBs-iOS.app/$(BUNDLE_EXECUTABLE_FOLDER_PATH)/TMDB-RIBs-iOS";
			};
			name = Debug;
		};
		A0FB08302E7C376F004F4641 /* Release */ = {
			isa = XCBuildConfiguration;
			buildSettings = {
				BUNDLE_LOADER = "$(TEST_HOST)";
				CODE_SIGN_STYLE = Automatic;
				CURRENT_PROJECT_VERSION = 1;
				GENERATE_INFOPLIST_FILE = YES;
				IPHONEOS_DEPLOYMENT_TARGET = 18.4;
				MARKETING_VERSION = 1.0;
				PRODUCT_BUNDLE_IDENTIFIER = "AppWork.TMDB-RIBs-iOSTests";
				PRODUCT_NAME = "$(TARGET_NAME)";
				SWIFT_EMIT_LOC_STRINGS = NO;
				SWIFT_VERSION = 5.0;
				TARGETED_DEVICE_FAMILY = "1,2";
				TEST_HOST = "$(BUILT_PRODUCTS_DIR)/TMDB-RIBs-iOS.app/$(BUNDLE_EXECUTABLE_FOLDER_PATH)/TMDB-RIBs-iOS";
			};
			name = Release;
		};
		A0FB08322E7C376F004F4641 /* Debug */ = {
			isa = XCBuildConfiguration;
			buildSettings = {
				CODE_SIGN_STYLE = Automatic;
				CURRENT_PROJECT_VERSION = 1;
				GENERATE_INFOPLIST_FILE = YES;
				MARKETING_VERSION = 1.0;
				PRODUCT_BUNDLE_IDENTIFIER = "AppWork.TMDB-RIBs-iOSUITests";
				PRODUCT_NAME = "$(TARGET_NAME)";
				SWIFT_EMIT_LOC_STRINGS = NO;
				SWIFT_VERSION = 5.0;
				TARGETED_DEVICE_FAMILY = "1,2";
				TEST_TARGET_NAME = "TMDB-RIBs-iOS";
			};
			name = Debug;
		};
		A0FB08332E7C376F004F4641 /* Release */ = {
			isa = XCBuildConfiguration;
			buildSettings = {
				CODE_SIGN_STYLE = Automatic;
				CURRENT_PROJECT_VERSION = 1;
				GENERATE_INFOPLIST_FILE = YES;
				MARKETING_VERSION = 1.0;
				PRODUCT_BUNDLE_IDENTIFIER = "AppWork.TMDB-RIBs-iOSUITests";
				PRODUCT_NAME = "$(TARGET_NAME)";
				SWIFT_EMIT_LOC_STRINGS = NO;
				SWIFT_VERSION = 5.0;
				TARGETED_DEVICE_FAMILY = "1,2";
				TEST_TARGET_NAME = "TMDB-RIBs-iOS";
			};
			name = Release;
		};
/* End XCBuildConfiguration section */

/* Begin XCConfigurationList section */
		A0FB07FB2E7C376E004F4641 /* Build configuration list for PBXProject "TMDB-RIBs-iOS" */ = {
			isa = XCConfigurationList;
			buildConfigurations = (
				A0FB082C2E7C376F004F4641 /* Debug */,
				A0FB082D2E7C376F004F4641 /* Release */,
			);
			defaultConfigurationIsVisible = 0;
			defaultConfigurationName = Release;
		};
		A0FB08292E7C376F004F4641 /* Build configuration list for PBXNativeTarget "TMDB-RIBs-iOS" */ = {
			isa = XCConfigurationList;
			buildConfigurations = (
				A0FB082A2E7C376F004F4641 /* Debug */,
				A0FB082B2E7C376F004F4641 /* Release */,
			);
			defaultConfigurationIsVisible = 0;
			defaultConfigurationName = Release;
		};
		A0FB082E2E7C376F004F4641 /* Build configuration list for PBXNativeTarget "TMDB-RIBs-iOSTests" */ = {
			isa = XCConfigurationList;
			buildConfigurations = (
				A0FB082F2E7C376F004F4641 /* Debug */,
				A0FB08302E7C376F004F4641 /* Release */,
			);
			defaultConfigurationIsVisible = 0;
			defaultConfigurationName = Release;
		};
		A0FB08312E7C376F004F4641 /* Build configuration list for PBXNativeTarget "TMDB-RIBs-iOSUITests" */ = {
			isa = XCConfigurationList;
			buildConfigurations = (
				A0FB08322E7C376F004F4641 /* Debug */,
				A0FB08332E7C376F004F4641 /* Release */,
			);
			defaultConfigurationIsVisible = 0;
			defaultConfigurationName = Release;
		};
/* End XCConfigurationList section */

/* Begin XCRemoteSwiftPackageReference section */
		A0FB08342E7C3820004F4641 /* XCRemoteSwiftPackageReference "RIBs-iOS" */ = {
			isa = XCRemoteSwiftPackageReference;
			repositoryURL = "https://github.com/uber/RIBs-iOS.git";
			requirement = {
				kind = upToNextMajorVersion;
				minimumVersion = 1.0.0;
			};
		};
		A0FB08372E7C3841004F4641 /* XCRemoteSwiftPackageReference "netfox" */ = {
			isa = XCRemoteSwiftPackageReference;
			repositoryURL = "https://github.com/kasketis/netfox.git";
			requirement = {
				kind = upToNextMajorVersion;
				minimumVersion = 1.21.0;
			};
		};
		A0FB083A2E7C384D004F4641 /* XCRemoteSwiftPackageReference "SnapKit" */ = {
			isa = XCRemoteSwiftPackageReference;
			repositoryURL = "https://github.com/SnapKit/SnapKit.git";
			requirement = {
				kind = upToNextMajorVersion;
				minimumVersion = 5.7.1;
			};
		};
		A0FB083D2E7C388D004F4641 /* XCRemoteSwiftPackageReference "RxDataSources" */ = {
			isa = XCRemoteSwiftPackageReference;
			repositoryURL = "https://github.com/RxSwiftCommunity/RxDataSources.git";
			requirement = {
				kind = upToNextMajorVersion;
				minimumVersion = 5.0.2;
			};
		};
		A0FB08422E7C389F004F4641 /* XCRemoteSwiftPackageReference "MBProgressHUD" */ = {
			isa = XCRemoteSwiftPackageReference;
			repositoryURL = "https://github.com/jdg/MBProgressHUD.git";
			requirement = {
				kind = upToNextMajorVersion;
				minimumVersion = 1.2.0;
			};
		};
		A0FB08452E7C38C0004F4641 /* XCRemoteSwiftPackageReference "RxSwift" */ = {
			isa = XCRemoteSwiftPackageReference;
			repositoryURL = "https://github.com/ReactiveX/RxSwift.git";
			requirement = {
				kind = upToNextMajorVersion;
				minimumVersion = 6.9.0;
			};
		};
		A0FB08502E7C38CF004F4641 /* XCRemoteSwiftPackageReference "Alamofire" */ = {
			isa = XCRemoteSwiftPackageReference;
			repositoryURL = "https://github.com/Alamofire/Alamofire.git";
			requirement = {
				kind = upToNextMajorVersion;
				minimumVersion = 5.10.2;
			};
		};
		A0FB08532E7C3905004F4641 /* XCRemoteSwiftPackageReference "Moya" */ = {
			isa = XCRemoteSwiftPackageReference;
			repositoryURL = "https://github.com/Moya/Moya.git";
			requirement = {
				kind = upToNextMajorVersion;
				minimumVersion = 15.0.3;
			};
		};
		A0FB085A2E7C3918004F4641 /* XCRemoteSwiftPackageReference "Nuke" */ = {
			isa = XCRemoteSwiftPackageReference;
			repositoryURL = "https://github.com/kean/Nuke.git";
			requirement = {
				kind = upToNextMajorVersion;
				minimumVersion = 12.8.0;
			};
		};
/* End XCRemoteSwiftPackageReference section */

/* Begin XCSwiftPackageProductDependency section */
		A0FB08352E7C3820004F4641 /* RIBs */ = {
			isa = XCSwiftPackageProductDependency;
			package = A0FB08342E7C3820004F4641 /* XCRemoteSwiftPackageReference "RIBs-iOS" */;
			productName = RIBs;
		};
		A0FB08382E7C3841004F4641 /* netfox */ = {
			isa = XCSwiftPackageProductDependency;
			package = A0FB08372E7C3841004F4641 /* XCRemoteSwiftPackageReference "netfox" */;
			productName = netfox;
		};
		A0FB083B2E7C384D004F4641 /* SnapKit */ = {
			isa = XCSwiftPackageProductDependency;
			package = A0FB083A2E7C384D004F4641 /* XCRemoteSwiftPackageReference "SnapKit" */;
			productName = SnapKit;
		};
		A0FB083E2E7C388D004F4641 /* Differentiator */ = {
			isa = XCSwiftPackageProductDependency;
			package = A0FB083D2E7C388D004F4641 /* XCRemoteSwiftPackageReference "RxDataSources" */;
			productName = Differentiator;
		};
		A0FB08402E7C388D004F4641 /* RxDataSources */ = {
			isa = XCSwiftPackageProductDependency;
			package = A0FB083D2E7C388D004F4641 /* XCRemoteSwiftPackageReference "RxDataSources" */;
			productName = RxDataSources;
		};
		A0FB08432E7C389F004F4641 /* MBProgressHUD */ = {
			isa = XCSwiftPackageProductDependency;
			package = A0FB08422E7C389F004F4641 /* XCRemoteSwiftPackageReference "MBProgressHUD" */;
			productName = MBProgressHUD;
		};
		A0FB08462E7C38C0004F4641 /* RxBlocking */ = {
			isa = XCSwiftPackageProductDependency;
			package = A0FB08452E7C38C0004F4641 /* XCRemoteSwiftPackageReference "RxSwift" */;
			productName = RxBlocking;
		};
		A0FB08482E7C38C0004F4641 /* RxCocoa */ = {
			isa = XCSwiftPackageProductDependency;
			package = A0FB08452E7C38C0004F4641 /* XCRemoteSwiftPackageReference "RxSwift" */;
			productName = RxCocoa;
		};
		A0FB084A2E7C38C0004F4641 /* RxRelay */ = {
			isa = XCSwiftPackageProductDependency;
			package = A0FB08452E7C38C0004F4641 /* XCRemoteSwiftPackageReference "RxSwift" */;
			productName = RxRelay;
		};
		A0FB084C2E7C38C0004F4641 /* RxSwift */ = {
			isa = XCSwiftPackageProductDependency;
			package = A0FB08452E7C38C0004F4641 /* XCRemoteSwiftPackageReference "RxSwift" */;
			productName = RxSwift;
		};
		A0FB084E2E7C38C0004F4641 /* RxTest */ = {
			isa = XCSwiftPackageProductDependency;
			package = A0FB08452E7C38C0004F4641 /* XCRemoteSwiftPackageReference "RxSwift" */;
			productName = RxTest;
		};
		A0FB08512E7C38CF004F4641 /* Alamofire */ = {
			isa = XCSwiftPackageProductDependency;
			package = A0FB08502E7C38CF004F4641 /* XCRemoteSwiftPackageReference "Alamofire" */;
			productName = Alamofire;
		};
		A0FB08542E7C3905004F4641 /* Moya */ = {
			isa = XCSwiftPackageProductDependency;
			package = A0FB08532E7C3905004F4641 /* XCRemoteSwiftPackageReference "Moya" */;
			productName = Moya;
		};
		A0FB08562E7C3905004F4641 /* ReactiveMoya */ = {
			isa = XCSwiftPackageProductDependency;
			package = A0FB08532E7C3905004F4641 /* XCRemoteSwiftPackageReference "Moya" */;
			productName = ReactiveMoya;
		};
		A0FB08582E7C3905004F4641 /* RxMoya */ = {
			isa = XCSwiftPackageProductDependency;
			package = A0FB08532E7C3905004F4641 /* XCRemoteSwiftPackageReference "Moya" */;
			productName = RxMoya;
		};
		A0FB085B2E7C3918004F4641 /* Nuke */ = {
			isa = XCSwiftPackageProductDependency;
			package = A0FB085A2E7C3918004F4641 /* XCRemoteSwiftPackageReference "Nuke" */;
			productName = Nuke;
		};
		A0FB085D2E7C3918004F4641 /* NukeExtensions */ = {
			isa = XCSwiftPackageProductDependency;
			package = A0FB085A2E7C3918004F4641 /* XCRemoteSwiftPackageReference "Nuke" */;
			productName = NukeExtensions;
		};
		A0FB085F2E7C3918004F4641 /* NukeVideo */ = {
			isa = XCSwiftPackageProductDependency;
			package = A0FB085A2E7C3918004F4641 /* XCRemoteSwiftPackageReference "Nuke" */;
			productName = NukeVideo;
		};
/* End XCSwiftPackageProductDependency section */
	};
	rootObject = A0FB07F82E7C376E004F4641 /* Project object */;
}
